
Microsoft Visual Studio Solution File, Format Version 12.00
# Visual Studio Version 16
VisualStudioVersion = 16.0.32413.511
MinimumVisualStudioVersion = 10.0.40219.1
Project("{FAE04EC0-301F-11D3-BF4B-00C04F79EFBC}") = "KiemKeTaiSan", "KiemKeTaiSan\KiemKeTaiSan.csproj", "{11991A59-B970-4814-A9BC-11AAD56B2DD7}"
EndProject
Global
	GlobalSection(SolutionConfigurationPlatforms) = preSolution
		Debug|Any CPU = Debug|Any CPU
		Release|Any CPU = Release|Any CPU
	EndGlobalSection
	GlobalSection(ProjectConfigurationPlatforms) = postSolution
		{11991A59-B970-4814-A9BC-11AAD56B2DD7}.Debug|Any CPU.ActiveCfg = Debug|Any CPU
		{11991A59-B970-4814-A9BC-11AAD56B2DD7}.Debug|Any CPU.Build.0 = Debug|Any CPU
		{11991A59-B970-4814-A9BC-11AAD56B2DD7}.Release|Any CPU.ActiveCfg = Release|Any CPU
		{11991A59-B970-4814-A9BC-11AAD56B2DD7}.Release|Any CPU.Build.0 = Release|Any CPU
	EndGlobalSection
	GlobalSection(SolutionProperties) = preSolution
		HideSolutionNode = FALSE
	EndGlobalSection
	GlobalSection(ExtensibilityGlobals) = postSolution
		SolutionGuid = {713E0982-70F1-41E8-A229-6F6CEE9F64FC}
	EndGlobalSection
EndGlobal
